
Microsoft Visual Studio Solution File, Format Version 12.00
# Visual Studio Version 17
VisualStudioVersion = 17.9.34723.18
MinimumVisualStudioVersion = 10.0.40219.1
Project("{9A19103F-16F7-4668-BE54-9A1E7A4F7556}") = "NZWalksAPI", "NZWalksAPI\NZWalksAPI.csproj", "{A4CC80E9-C8CD-41F8-9469-D5DF6B0A8B1C}"
EndProject
Global
	GlobalSection(SolutionConfigurationPlatforms) = preSolution
		Debug|Any CPU = Debug|Any CPU
		Release|Any CPU = Release|Any CPU
	EndGlobalSection
	GlobalSection(ProjectConfigurationPlatforms) = postSolution
		{A4CC80E9-C8CD-41F8-9469-D5DF6B0A8B1C}.Debug|Any CPU.ActiveCfg = Debug|Any CPU
		{A4CC80E9-C8CD-41F8-9469-D5DF6B0A8B1C}.Debug|Any CPU.Build.0 = Debug|Any CPU
		{A4CC80E9-C8CD-41F8-9469-D5DF6B0A8B1C}.Release|Any CPU.ActiveCfg = Release|Any CPU
		{A4CC80E9-C8CD-41F8-9469-D5DF6B0A8B1C}.Release|Any CPU.Build.0 = Release|Any CPU
	EndGlobalSection
	GlobalSection(SolutionProperties) = preSolution
		HideSolutionNode = FALSE
	EndGlobalSection
	GlobalSection(ExtensibilityGlobals) = postSolution
		SolutionGuid = {C8FE552C-BDD5-42ED-91C0-1C81E3BF1377}
	EndGlobalSection
EndGlobal
